
Microsoft Visual Studio Solution File, Format Version 12.00
# Visual Studio Version 16
VisualStudioVersion = 16.0.28803.352
MinimumVisualStudioVersion = 10.0.40219.1
Project("{FAE04EC0-301F-11D3-BF4B-00C04F79EFBC}") = "AspNetCoreApp", "AspNetCoreApp\AspNetCoreApp.csproj", "{D159600E-D85B-475C-B666-DB3CC2B1F873}"
EndProject
Global
	GlobalSection(SolutionConfigurationPlatforms) = preSolution
		Debug|Any CPU = Debug|Any CPU
		Release|Any CPU = Release|Any CPU
	EndGlobalSection
	GlobalSection(ProjectConfigurationPlatforms) = postSolution
		{D159600E-D85B-475C-B666-DB3CC2B1F873}.Debug|Any CPU.ActiveCfg = Debug|Any CPU
		{D159600E-D85B-475C-B666-DB3CC2B1F873}.Debug|Any CPU.Build.0 = Debug|Any CPU
		{D159600E-D85B-475C-B666-DB3CC2B1F873}.Release|Any CPU.ActiveCfg = Release|Any CPU
		{D159600E-D85B-475C-B666-DB3CC2B1F873}.Release|Any CPU.Build.0 = Release|Any CPU
	EndGlobalSection
	GlobalSection(SolutionProperties) = preSolution
		HideSolutionNode = FALSE
	EndGlobalSection
	GlobalSection(ExtensibilityGlobals) = postSolution
		SolutionGuid = {499E8C03-47FB-4135-9269-200013428218}
	EndGlobalSection
EndGlobal
